// !$*UTF8*$!
{
	archiveVersion = 1;
	classes = {
	};
	objectVersion = 46;
	objects = {

/* Begin PBXBuildFile section */
		9F5E0DA11C61692800D9E465 /* AppDelegate.swift in Sources */ = {isa = PBXBuildFile; fileRef = 9F5E0DA01C61692800D9E465 /* AppDelegate.swift */; };
		9F5E0DA31C61692800D9E465 /* ViewController.swift in Sources */ = {isa = PBXBuildFile; fileRef = 9F5E0DA21C61692800D9E465 /* ViewController.swift */; };
		9F5E0DA61C61692800D9E465 /* Main.storyboard in Resources */ = {isa = PBXBuildFile; fileRef = 9F5E0DA41C61692800D9E465 /* Main.storyboard */; };
		9F5E0DA81C61692800D9E465 /* Assets.xcassets in Resources */ = {isa = PBXBuildFile; fileRef = 9F5E0DA71C61692800D9E465 /* Assets.xcassets */; };
		9F5E0DAB1C61692800D9E465 /* LaunchScreen.storyboard in Resources */ = {isa = PBXBuildFile; fileRef = 9F5E0DA91C61692800D9E465 /* LaunchScreen.storyboard */; };
/* End PBXBuildFile section */

/* Begin PBXFileReference section */
		9F5E0D9D1C61692800D9E465 /* BreadcrumbTemplate.app */ = {isa = PBXFileReference; explicitFileType = wrapper.application; includeInIndex = 0; path = BreadcrumbTemplate.app; sourceTree = BUILT_PRODUCTS_DIR; };
		9F5E0DA01C61692800D9E465 /* AppDelegate.swift */ = {isa = PBXFileReference; lastKnownFileType = sourcecode.swift; path = AppDelegate.swift; sourceTree = "<group>"; };
		9F5E0DA21C61692800D9E465 /* ViewController.swift */ = {isa = PBXFileReference; lastKnownFileType = sourcecode.swift; path = ViewController.swift; sourceTree = "<group>"; };
		9F5E0DA51C61692800D9E465 /* Base */ = {isa = PBXFileReference; lastKnownFileType = file.storyboard; name = Base; path = Base.lproj/Main.storyboard; sourceTree = "<group>"; };
		9F5E0DA71C61692800D9E465 /* Assets.xcassets */ = {isa = PBXFileReference; lastKnownFileType = folder.assetcatalog; path = Assets.xcassets; sourceTree = "<group>"; };
		9F5E0DAA1C61692800D9E465 /* Base */ = {isa = PBXFileReference; lastKnownFileType = file.storyboard; name = Base; path = Base.lproj/LaunchScreen.storyboard; sourceTree = "<group>"; };
		9F5E0DAC1C61692800D9E465 /* Info.plist */ = {isa = PBXFileReference; lastKnownFileType = text.plist.xml; path = Info.plist; sourceTree = "<group>"; };
/* End PBXFileReference section */

/* Begin PBXFrameworksBuildPhase section */
		9F5E0D9A1C61692800D9E465 /* Frameworks */ = {
			isa = PBXFrameworksBuildPhase;
			buildActionMask = 2147483647;
			files = (
			);
			runOnlyForDeploymentPostprocessing = 0;
		};
/* End PBXFrameworksBuildPhase section */

/* Begin PBXGroup section */
		9F5E0D941C61692800D9E465 = {
			isa = PBXGroup;
			children = (
				9F5E0D9F1C61692800D9E465 /* BreadcrumbTemplate */,
				9F5E0D9E1C61692800D9E465 /* Products */,
			);
			sourceTree = "<group>";
		};
		9F5E0D9E1C61692800D9E465 /* Products */ = {
			isa = PBXGroup;
			children = (
				9F5E0D9D1C61692800D9E465 /* BreadcrumbTemplate.app */,
			);
			name = Products;
			sourceTree = "<group>";
		};
		9F5E0D9F1C61692800D9E465 /* BreadcrumbTemplate */ = {
			isa = PBXGroup;
			children = (
				9F5E0DA01C61692800D9E465 /* AppDelegate.swift */,
				9F5E0DA21C61692800D9E465 /* ViewController.swift */,
				9F5E0DA41C61692800D9E465 /* Main.storyboard */,
				9F5E0DA71C61692800D9E465 /* Assets.xcassets */,
				9F5E0DA91C61692800D9E465 /* LaunchScreen.storyboard */,
				9F5E0DAC1C61692800D9E465 /* Info.plist */,
			);
			path = BreadcrumbTemplate;
			sourceTree = "<group>";
		};
/* End PBXGroup section */

/* Begin PBXNativeTarget section */
		9F5E0D9C1C61692800D9E465 /* BreadcrumbTemplate */ = {
			isa = PBXNativeTarget;
			buildConfigurationList = 9F5E0DAF1C61692800D9E465 /* Build configuration list for PBXNativeTarget "BreadcrumbTemplate" */;
			buildPhases = (
				9F5E0D991C61692800D9E465 /* Sources */,
				9F5E0D9A1C61692800D9E465 /* Frameworks */,
				9F5E0D9B1C61692800D9E465 /* Resources */,
			);
			buildRules = (
			);
			dependencies = (
			);
			name = BreadcrumbTemplate;
			productName = BreadcrumbTemplate;
			productReference = 9F5E0D9D1C61692800D9E465 /* BreadcrumbTemplate.app */;
			productType = "com.apple.product-type.application";
		};
/* End PBXNativeTarget section */

/* Begin PBXProject section */
		9F5E0D951C61692800D9E465 /* Project object */ = {
			isa = PBXProject;
			attributes = {
				LastSwiftUpdateCheck = 0720;
				LastUpgradeCheck = 0720;
				ORGANIZATIONNAME = "Mayes, Arthur E.";
				TargetAttributes = {
					9F5E0D9C1C61692800D9E465 = {
						CreatedOnToolsVersion = 7.2;
					};
				};
			};
			buildConfigurationList = 9F5E0D981C61692800D9E465 /* Build configuration list for PBXProject "BreadcrumbTemplate" */;
			compatibilityVersion = "Xcode 3.2";
			developmentRegion = English;
			hasScannedForEncodings = 0;
			knownRegions = (
				en,
				Base,
			);
			mainGroup = 9F5E0D941C61692800D9E465;
			productRefGroup = 9F5E0D9E1C61692800D9E465 /* Products */;
			projectDirPath = "";
			projectRoot = "";
			targets = (
				9F5E0D9C1C61692800D9E465 /* BreadcrumbTemplate */,
			);
		};
/* End PBXProject section */

/* Begin PBXResourcesBuildPhase section */
		9F5E0D9B1C61692800D9E465 /* Resources */ = {
			isa = PBXResourcesBuildPhase;
			buildActionMask = 2147483647;
			files = (
				9F5E0DAB1C61692800D9E465 /* LaunchScreen.storyboard in Resources */,
				9F5E0DA81C61692800D9E465 /* Assets.xcassets in Resources */,
				9F5E0DA61C61692800D9E465 /* Main.storyboard in Resources */,
			);
			runOnlyForDeploymentPostprocessing = 0;
		};
/* End PBXResourcesBuildPhase section */

/* Begin PBXSourcesBuildPhase section */
		9F5E0D991C61692800D9E465 /* Sources */ = {
			isa = PBXSourcesBuildPhase;
			buildActionMask = 2147483647;
			files = (
				9F5E0DA31C61692800D9E465 /* ViewController.swift in Sources */,
				9F5E0DA11C61692800D9E465 /* AppDelegate.swift in Sources */,
			);
			runOnlyForDeploymentPostprocessing = 0;
		};
/* End PBXSourcesBuildPhase section */

/* Begin PBXVariantGroup section */
		9F5E0DA41C61692800D9E465 /* Main.storyboard */ = {
			isa = PBXVariantGroup;
			children = (
				9F5E0DA51C61692800D9E465 /* Base */,
			);
			name = Main.storyboard;
			sourceTree = "<group>";
		};
		9F5E0DA91C61692800D9E465 /* LaunchScreen.storyboard */ = {
			isa = PBXVariantGroup;
			children = (
				9F5E0DAA1C61692800D9E465 /* Base */,
			);
			name = LaunchScreen.storyboard;
			sourceTree = "<group>";
		};
/* End PBXVariantGroup section */

/* Begin XCBuildConfiguration section */
		9F5E0DAD1C61692800D9E465 /* Debug */ = {
			isa = XCBuildConfiguration;
			buildSettings = {
				ALWAYS_SEARCH_USER_PATHS = NO;
				CLANG_CXX_LANGUAGE_STANDARD = "gnu++0x";
				CLANG_CXX_LIBRARY = "libc++";
				CLANG_ENABLE_MODULES = YES;
				CLANG_ENABLE_OBJC_ARC = YES;
				CLANG_WARN_BOOL_CONVERSION = YES;
				CLANG_WARN_CONSTANT_CONVERSION = YES;
				CLANG_WARN_DIRECT_OBJC_ISA_USAGE = YES_ERROR;
				CLANG_WARN_EMPTY_BODY = YES;
				CLANG_WARN_ENUM_CONVERSION = YES;
				CLANG_WARN_INT_CONVERSION = YES;
				CLANG_WARN_OBJC_ROOT_CLASS = YES_ERROR;
				CLANG_WARN_UNREACHABLE_CODE = YES;
				CLANG_WARN__DUPLICATE_METHOD_MATCH = YES;
				"CODE_SIGN_IDENTITY[sdk=iphoneos*]" = "iPhone Developer";
				COPY_PHASE_STRIP = NO;
				DEBUG_INFORMATION_FORMAT = dwarf;
				ENABLE_STRICT_OBJC_MSGSEND = YES;
				ENABLE_TESTABILITY = YES;
				GCC_C_LANGUAGE_STANDARD = gnu99;
				GCC_DYNAMIC_NO_PIC = NO;
				GCC_NO_COMMON_BLOCKS = YES;
				GCC_OPTIMIZATION_LEVEL = 0;
				GCC_PREPROCESSOR_DEFINITIONS = (
					"DEBUG=1",
					"$(inherited)",
				);
				GCC_WARN_64_TO_32_BIT_CONVERSION = YES;
				GCC_WARN_ABOUT_RETURN_TYPE = YES_ERROR;
				GCC_WARN_UNDECLARED_SELECTOR = YES;
				GCC_WARN_UNINITIALIZED_AUTOS = YES_AGGRESSIVE;
				GCC_WARN_UNUSED_FUNCTION = YES;
				GCC_WARN_UNUSED_VARIABLE = YES;
				IPHONEOS_DEPLOYMENT_TARGET = 9.2;
				MTL_ENABLE_DEBUG_INFO = YES;
				ONLY_ACTIVE_ARCH = YES;
				SDKROOT = iphoneos;
				SWIFT_OPTIMIZATION_LEVEL = "-Onone";
				TARGETED_DEVICE_FAMILY = "1,2";
			};
			name = Debug;
		};
		9F5E0DAE1C61692800D9E465 /* Release */ = {
			isa = XCBuildConfiguration;
			buildSettings = {
				ALWAYS_SEARCH_USER_PATHS = NO;
				CLANG_CXX_LANGUAGE_STANDARD = "gnu++0x";
				CLANG_CXX_LIBRARY = "libc++";
				CLANG_ENABLE_MODULES = YES;
				CLANG_ENABLE_OBJC_ARC = YES;
				CLANG_WARN_BOOL_CONVERSION = YES;
				CLANG_WARN_CONSTANT_CONVERSION = YES;
				CLANG_WARN_DIRECT_OBJC_ISA_USAGE = YES_ERROR;
				CLANG_WARN_EMPTY_BODY = YES;
				CLANG_WARN_ENUM_CONVERSION = YES;
				CLANG_WARN_INT_CONVERSION = YES;
				CLANG_WARN_OBJC_ROOT_CLASS = YES_ERROR;
				CLANG_WARN_UNREACHABLE_CODE = YES;
				CLANG_WARN__DUPLICATE_METHOD_MATCH = YES;
				"CODE_SIGN_IDENTITY[sdk=iphoneos*]" = "iPhone Developer";
				COPY_PHASE_STRIP = NO;
				DEBUG_INFORMATION_FORMAT = "dwarf-with-dsym";
				ENABLE_NS_ASSERTIONS = NO;
				ENABLE_STRICT_OBJC_MSGSEND = YES;
				GCC_C_LANGUAGE_STANDARD = gnu99;
				GCC_NO_COMMON_BLOCKS = YES;
				GCC_WARN_64_TO_32_BIT_CONVERSION = YES;
				GCC_WARN_ABOUT_RETURN_TYPE = YES_ERROR;
				GCC_WARN_UNDECLARED_SELECTOR = YES;
				GCC_WARN_UNINITIALIZED_AUTOS = YES_AGGRESSIVE;
				GCC_WARN_UNUSED_FUNCTION = YES;
				GCC_WARN_UNUSED_VARIABLE = YES;
				IPHONEOS_DEPLOYMENT_TARGET = 9.2;
				MTL_ENABLE_DEBUG_INFO = NO;
				SDKROOT = iphoneos;
				TARGETED_DEVICE_FAMILY = "1,2";
				VALIDATE_PRODUCT = YES;
			};
			name = Release;
		};
		9F5E0DB01C61692800D9E465 /* Debug */ = {
			isa = XCBuildConfiguration;
			buildSettings = {
				ASSETCATALOG_COMPILER_APPICON_NAME = AppIcon;
				INFOPLIST_FILE = BreadcrumbTemplate/Info.plist;
				LD_RUNPATH_SEARCH_PATHS = "$(inherited) @executable_path/Frameworks";
				PRODUCT_BUNDLE_IDENTIFIER = com.arthurmayes.BreadcrumbTemplate;
				PRODUCT_NAME = "$(TARGET_NAME)";
			};
			name = Debug;
		};
		9F5E0DB11C61692800D9E465 /* Release */ = {
			isa = XCBuildConfiguration;
			buildSettings = {
				ASSETCATALOG_COMPILER_APPICON_NAME = AppIcon;
				INFOPLIST_FILE = BreadcrumbTemplate/Info.plist;
				LD_RUNPATH_SEARCH_PATHS = "$(inherited) @executable_path/Frameworks";
				PRODUCT_BUNDLE_IDENTIFIER = com.arthurmayes.BreadcrumbTemplate;
				PRODUCT_NAME = "$(TARGET_NAME)";
			};
			name = Release;
		};
/* End XCBuildConfiguration section */

/* Begin XCConfigurationList section */
		9F5E0D981C61692800D9E465 /* Build configuration list for PBXProject "BreadcrumbTemplate" */ = {
			isa = XCConfigurationList;
			buildConfigurations = (
				9F5E0DAD1C61692800D9E465 /* Debug */,
				9F5E0DAE1C61692800D9E465 /* Release */,
			);
			defaultConfigurationIsVisible = 0;
			defaultConfigurationName = Release;
		};
		9F5E0DAF1C61692800D9E465 /* Build configuration list for PBXNativeTarget "BreadcrumbTemplate" */ = {
			isa = XCConfigurationList;
			buildConfigurations = (
				9F5E0DB01C61692800D9E465 /* Debug */,
				9F5E0DB11C61692800D9E465 /* Release */,
			);
			defaultConfigurationIsVisible = 0;
		};
/* End XCConfigurationList section */
	};
	rootObject = 9F5E0D951C61692800D9E465 /* Project object */;
}
